Microsoft Visual Studio Solution File, Format Version 11.00
# Visual Studio 2010
Project("{F184B08F-C81C-45F6-A57F-5ABD9991F28F}") = "SidebySideFullStackedBar", "SidebySideFullStackedBar\SidebySideFullStackedBar.vbproj", "{EF106F9F-9135-4645-B736-0DF463223DFF}"
EndProject
Project("{F184B08F-C81C-45F6-A57F-5ABD9991F28F}") = "SidebySideFullStackedBar.Web", "SidebySideFullStackedBar.Web\SidebySideFullStackedBar.Web.vbproj", "{ABA331A9-BEE0-46FC-A6F9-EF978B93D4F4}"
EndProject
Global
	GlobalSection(SolutionConfigurationPlatforms) = preSolution
		Debug|Any CPU = Debug|Any CPU
		Release|Any CPU = Release|Any CPU
	EndGlobalSection
	GlobalSection(ProjectConfigurationPlatforms) = postSolution
		{EF106F9F-9135-4645-B736-0DF463223DFF}.Debug|Any CPU.ActiveCfg = Debug|Any CPU
		{EF106F9F-9135-4645-B736-0DF463223DFF}.Debug|Any CPU.Build.0 = Debug|Any CPU
		{EF106F9F-9135-4645-B736-0DF463223DFF}.Release|Any CPU.ActiveCfg = Release|Any CPU
		{EF106F9F-9135-4645-B736-0DF463223DFF}.Release|Any CPU.Build.0 = Release|Any CPU
		{ABA331A9-BEE0-46FC-A6F9-EF978B93D4F4}.Debug|Any CPU.ActiveCfg = Debug|Any CPU
		{ABA331A9-BEE0-46FC-A6F9-EF978B93D4F4}.Debug|Any CPU.Build.0 = Debug|Any CPU
		{ABA331A9-BEE0-46FC-A6F9-EF978B93D4F4}.Release|Any CPU.ActiveCfg = Release|Any CPU
		{ABA331A9-BEE0-46FC-A6F9-EF978B93D4F4}.Release|Any CPU.Build.0 = Release|Any CPU
	EndGlobalSection
	GlobalSection(SolutionProperties) = preSolution
		HideSolutionNode = FALSE
	EndGlobalSection
EndGlobal
